// !$*UTF8*$!
{
	archiveVersion = 1;
	classes = {
	};
	objectVersion = 46;
	objects = {

/* Begin PBXBuildFile section */
		B8E3D7672F119F415DF34EF4 /* Pods_Pitchslapp.framework in Frameworks */ = {isa = PBXBuildFile; fileRef = E2AE8B9490730DA983143C25 /* Pods_Pitchslapp.framework */; };
		DA0083C81CAADB82004ACDCC /* SongsTableViewController.swift in Sources */ = {isa = PBXBuildFile; fileRef = DA0083C71CAADB82004ACDCC /* SongsTableViewController.swift */; };
		DA1F18A91CC9D6B7003CEE3C /* Setlist.swift in Sources */ = {isa = PBXBuildFile; fileRef = DA1F18A81CC9D6B7003CEE3C /* Setlist.swift */; };
		DA1F18AB1CC9DB16003CEE3C /* SetlistsTableViewController.swift in Sources */ = {isa = PBXBuildFile; fileRef = DA1F18AA1CC9DB16003CEE3C /* SetlistsTableViewController.swift */; };
		DA1F18AD1CC9DCE1003CEE3C /* SetlistTableViewCell.swift in Sources */ = {isa = PBXBuildFile; fileRef = DA1F18AC1CC9DCE1003CEE3C /* SetlistTableViewCell.swift */; };
		DA1F18AF1CC9EDF9003CEE3C /* SetlistTableViewController.swift in Sources */ = {isa = PBXBuildFile; fileRef = DA1F18AE1CC9EDF9003CEE3C /* SetlistTableViewController.swift */; };
		DA1F18B11CCA003E003CEE3C /* ChooseSongsTableViewController.swift in Sources */ = {isa = PBXBuildFile; fileRef = DA1F18B01CCA003E003CEE3C /* ChooseSongsTableViewController.swift */; };
		DA2F68FE1CAD70440028033E /* SignupFormViewController.swift in Sources */ = {isa = PBXBuildFile; fileRef = DA2F68FD1CAD70440028033E /* SignupFormViewController.swift */; };
		DA2F69021CAD8AD30028033E /* SongInfoViewController.swift in Sources */ = {isa = PBXBuildFile; fileRef = DA2F69011CAD8AD30028033E /* SongInfoViewController.swift */; };
		DA4DC4161CB5E376008F062E /* PDFViewController.swift in Sources */ = {isa = PBXBuildFile; fileRef = DA4DC4151CB5E376008F062E /* PDFViewController.swift */; };
		DA4DC4181CB5E38F008F062E /* MakeYouFeel.pdf in Resources */ = {isa = PBXBuildFile; fileRef = DA4DC4171CB5E38F008F062E /* MakeYouFeel.pdf */; };
		DA53FC5A1CC0798A003AC1F7 /* PendingGroupViewController.swift in Sources */ = {isa = PBXBuildFile; fileRef = DA53FC591CC0798A003AC1F7 /* PendingGroupViewController.swift */; };
		DA60DA2B1CACE05400E7F2B1 /* LoginViewController.swift in Sources */ = {isa = PBXBuildFile; fileRef = DA60DA2A1CACE05400E7F2B1 /* LoginViewController.swift */; };
		DA60DA2D1CACE62600E7F2B1 /* User.swift in Sources */ = {isa = PBXBuildFile; fileRef = DA60DA2C1CACE62600E7F2B1 /* User.swift */; };
		DA60DA301CACEFBC00E7F2B1 /* SettingsViewController.swift in Sources */ = {isa = PBXBuildFile; fileRef = DA60DA2F1CACEFBC00E7F2B1 /* SettingsViewController.swift */; };
		DA7190311CA9847D00FEDE0D /* AppDelegate.swift in Sources */ = {isa = PBXBuildFile; fileRef = DA7190301CA9847D00FEDE0D /* AppDelegate.swift */; };
		DA7190361CA9847D00FEDE0D /* Main.storyboard in Resources */ = {isa = PBXBuildFile; fileRef = DA7190341CA9847D00FEDE0D /* Main.storyboard */; };
		DA7190381CA9847D00FEDE0D /* Assets.xcassets in Resources */ = {isa = PBXBuildFile; fileRef = DA7190371CA9847D00FEDE0D /* Assets.xcassets */; };
		DA71903B1CA9847D00FEDE0D /* LaunchScreen.storyboard in Resources */ = {isa = PBXBuildFile; fileRef = DA7190391CA9847D00FEDE0D /* LaunchScreen.storyboard */; };
		DA7190461CA9847D00FEDE0D /* PitchslappTests.swift in Sources */ = {isa = PBXBuildFile; fileRef = DA7190451CA9847D00FEDE0D /* PitchslappTests.swift */; };
		DA7190511CA9847D00FEDE0D /* PitchslappUITests.swift in Sources */ = {isa = PBXBuildFile; fileRef = DA7190501CA9847D00FEDE0D /* PitchslappUITests.swift */; };
		DA859BB31CAE119D00F5CD3C /* Pitches in Resources */ = {isa = PBXBuildFile; fileRef = DA859BB21CAE119D00F5CD3C /* Pitches */; };
		DA954D201CE4D4AD00D39194 /* GroupMembersTableViewController.swift in Sources */ = {isa = PBXBuildFile; fileRef = DA954D1F1CE4D4AD00D39194 /* GroupMembersTableViewController.swift */; };
		DADF0D4B1CB6F11B009456CC /* AddSongViewController.swift in Sources */ = {isa = PBXBuildFile; fileRef = DADF0D4A1CB6F11B009456CC /* AddSongViewController.swift */; };
		DAE2502B1CAB0EA3003DFF24 /* SongTableViewCell.swift in Sources */ = {isa = PBXBuildFile; fileRef = DAE2502A1CAB0EA3003DFF24 /* SongTableViewCell.swift */; };
		DAE2502D1CAB1348003DFF24 /* SongItem.swift in Sources */ = {isa = PBXBuildFile; fileRef = DAE2502C1CAB1348003DFF24 /* SongItem.swift */; };
		DAF583491CD8FD7900CE7A6A /* SetlistSongTableViewCell.swift in Sources */ = {isa = PBXBuildFile; fileRef = DAF583481CD8FD7900CE7A6A /* SetlistSongTableViewCell.swift */; };
		DAF5834B1CD93C6E00CE7A6A /* PitchesTableViewController.swift in Sources */ = {isa = PBXBuildFile; fileRef = DAF5834A1CD93C6E00CE7A6A /* PitchesTableViewController.swift */; };
		DAF5834D1CD93F1500CE7A6A /* PitchTableViewCell.swift in Sources */ = {isa = PBXBuildFile; fileRef = DAF5834C1CD93F1500CE7A6A /* PitchTableViewCell.swift */; };
		DAFDCADC1CADAD9E005DDB64 /* GroupPickerTableViewController.swift in Sources */ = {isa = PBXBuildFile; fileRef = DAFDCADB1CADAD9E005DDB64 /* GroupPickerTableViewController.swift */; };
		DAFDCAE01CADBDEF005DDB64 /* Group.swift in Sources */ = {isa = PBXBuildFile; fileRef = DAFDCADF1CADBDEF005DDB64 /* Group.swift */; };
/* End PBXBuildFile section */

/* Begin PBXContainerItemProxy section */
		DA7190421CA9847D00FEDE0D /* PBXContainerItemProxy */ = {
			isa = PBXContainerItemProxy;
			containerPortal = DA7190251CA9847D00FEDE0D /* Project object */;
			proxyType = 1;
			remoteGlobalIDString = DA71902C1CA9847D00FEDE0D;
			remoteInfo = Pitchslapp;
		};
		DA71904D1CA9847D00FEDE0D /* PBXContainerItemProxy */ = {
			isa = PBXContainerItemProxy;
			containerPortal = DA7190251CA9847D00FEDE0D /* Project object */;
			proxyType = 1;
			remoteGlobalIDString = DA71902C1CA9847D00FEDE0D;
			remoteInfo = Pitchslapp;
		};
/* End PBXContainerItemProxy section */

/* Begin PBXFileReference section */
		CAB868BAA037B62652FE0F7E /* Pods-Pitchslapp.release.xcconfig */ = {isa = PBXFileReference; includeInIndex = 1; lastKnownFileType = text.xcconfig; name = "Pods-Pitchslapp.release.xcconfig"; path = "Pods/Target Support Files/Pods-Pitchslapp/Pods-Pitchslapp.release.xcconfig"; sourceTree = "<group>"; };
		CB963C85DFD57A2E6024C7BF /* Pods-Pitchslapp.debug.xcconfig */ = {isa = PBXFileReference; includeInIndex = 1; lastKnownFileType = text.xcconfig; name = "Pods-Pitchslapp.debug.xcconfig"; path = "Pods/Target Support Files/Pods-Pitchslapp/Pods-Pitchslapp.debug.xcconfig"; sourceTree = "<group>"; };
		DA0083C71CAADB82004ACDCC /* SongsTableViewController.swift */ = {isa = PBXFileReference; fileEncoding = 4; lastKnownFileType = sourcecode.swift; path = SongsTableViewController.swift; sourceTree = "<group>"; };
		DA1F18A81CC9D6B7003CEE3C /* Setlist.swift */ = {isa = PBXFileReference; fileEncoding = 4; lastKnownFileType = sourcecode.swift; path = Setlist.swift; sourceTree = "<group>"; };
		DA1F18AA1CC9DB16003CEE3C /* SetlistsTableViewController.swift */ = {isa = PBXFileReference; fileEncoding = 4; lastKnownFileType = sourcecode.swift; path = SetlistsTableViewController.swift; sourceTree = "<group>"; };
		DA1F18AC1CC9DCE1003CEE3C /* SetlistTableViewCell.swift */ = {isa = PBXFileReference; fileEncoding = 4; lastKnownFileType = sourcecode.swift; path = SetlistTableViewCell.swift; sourceTree = "<group>"; };
		DA1F18AE1CC9EDF9003CEE3C /* SetlistTableViewController.swift */ = {isa = PBXFileReference; fileEncoding = 4; lastKnownFileType = sourcecode.swift; path = SetlistTableViewController.swift; sourceTree = "<group>"; };
		DA1F18B01CCA003E003CEE3C /* ChooseSongsTableViewController.swift */ = {isa = PBXFileReference; fileEncoding = 4; lastKnownFileType = sourcecode.swift; path = ChooseSongsTableViewController.swift; sourceTree = "<group>"; };
		DA2F68FD1CAD70440028033E /* SignupFormViewController.swift */ = {isa = PBXFileReference; fileEncoding = 4; lastKnownFileType = sourcecode.swift; path = SignupFormViewController.swift; sourceTree = "<group>"; };
		DA2F69011CAD8AD30028033E /* SongInfoViewController.swift */ = {isa = PBXFileReference; fileEncoding = 4; lastKnownFileType = sourcecode.swift; path = SongInfoViewController.swift; sourceTree = "<group>"; };
		DA4DC4151CB5E376008F062E /* PDFViewController.swift */ = {isa = PBXFileReference; fileEncoding = 4; lastKnownFileType = sourcecode.swift; path = PDFViewController.swift; sourceTree = "<group>"; };
		DA4DC4171CB5E38F008F062E /* MakeYouFeel.pdf */ = {isa = PBXFileReference; lastKnownFileType = image.pdf; name = MakeYouFeel.pdf; path = ../../../Downloads/MakeYouFeel.pdf; sourceTree = "<group>"; };
		DA53FC591CC0798A003AC1F7 /* PendingGroupViewController.swift */ = {isa = PBXFileReference; fileEncoding = 4; lastKnownFileType = sourcecode.swift; path = PendingGroupViewController.swift; sourceTree = "<group>"; };
		DA60DA2A1CACE05400E7F2B1 /* LoginViewController.swift */ = {isa = PBXFileReference; fileEncoding = 4; lastKnownFileType = sourcecode.swift; path = LoginViewController.swift; sourceTree = "<group>"; };
		DA60DA2C1CACE62600E7F2B1 /* User.swift */ = {isa = PBXFileReference; fileEncoding = 4; lastKnownFileType = sourcecode.swift; path = User.swift; sourceTree = "<group>"; };
		DA60DA2F1CACEFBC00E7F2B1 /* SettingsViewController.swift */ = {isa = PBXFileReference; fileEncoding = 4; lastKnownFileType = sourcecode.swift; path = SettingsViewController.swift; sourceTree = "<group>"; };
		DA71902D1CA9847D00FEDE0D /* Pitchslapp.app */ = {isa = PBXFileReference; explicitFileType = wrapper.application; includeInIndex = 0; path = Pitchslapp.app; sourceTree = BUILT_PRODUCTS_DIR; };
		DA7190301CA9847D00FEDE0D /* AppDelegate.swift */ = {isa = PBXFileReference; lastKnownFileType = sourcecode.swift; path = AppDelegate.swift; sourceTree = "<group>"; };
		DA7190351CA9847D00FEDE0D /* Base */ = {isa = PBXFileReference; lastKnownFileType = file.storyboard; name = Base; path = Base.lproj/Main.storyboard; sourceTree = "<group>"; };
		DA7190371CA9847D00FEDE0D /* Assets.xcassets */ = {isa = PBXFileReference; lastKnownFileType = folder.assetcatalog; path = Assets.xcassets; sourceTree = "<group>"; };
		DA71903A1CA9847D00FEDE0D /* Base */ = {isa = PBXFileReference; lastKnownFileType = file.storyboard; name = Base; path = Base.lproj/LaunchScreen.storyboard; sourceTree = "<group>"; };
		DA71903C1CA9847D00FEDE0D /* Info.plist */ = {isa = PBXFileReference; lastKnownFileType = text.plist.xml; path = Info.plist; sourceTree = "<group>"; };
		DA7190411CA9847D00FEDE0D /* PitchslappTests.xctest */ = {isa = PBXFileReference; explicitFileType = wrapper.cfbundle; includeInIndex = 0; path = PitchslappTests.xctest; sourceTree = BUILT_PRODUCTS_DIR; };
		DA7190451CA9847D00FEDE0D /* PitchslappTests.swift */ = {isa = PBXFileReference; lastKnownFileType = sourcecode.swift; path = PitchslappTests.swift; sourceTree = "<group>"; };
		DA7190471CA9847D00FEDE0D /* Info.plist */ = {isa = PBXFileReference; lastKnownFileType = text.plist.xml; path = Info.plist; sourceTree = "<group>"; };
		DA71904C1CA9847D00FEDE0D /* PitchslappUITests.xctest */ = {isa = PBXFileReference; explicitFileType = wrapper.cfbundle; includeInIndex = 0; path = PitchslappUITests.xctest; sourceTree = BUILT_PRODUCTS_DIR; };
		DA7190501CA9847D00FEDE0D /* PitchslappUITests.swift */ = {isa = PBXFileReference; lastKnownFileType = sourcecode.swift; path = PitchslappUITests.swift; sourceTree = "<group>"; };
		DA7190521CA9847D00FEDE0D /* Info.plist */ = {isa = PBXFileReference; lastKnownFileType = text.plist.xml; path = Info.plist; sourceTree = "<group>"; };
		DA859BB21CAE119D00F5CD3C /* Pitches */ = {isa = PBXFileReference; lastKnownFileType = folder; path = Pitches; sourceTree = "<group>"; };
		DA954D1F1CE4D4AD00D39194 /* GroupMembersTableViewController.swift */ = {isa = PBXFileReference; fileEncoding = 4; lastKnownFileType = sourcecode.swift; path = GroupMembersTableViewController.swift; sourceTree = "<group>"; };
		DADF0D4A1CB6F11B009456CC /* AddSongViewController.swift */ = {isa = PBXFileReference; fileEncoding = 4; lastKnownFileType = sourcecode.swift; path = AddSongViewController.swift; sourceTree = "<group>"; };
		DADF0D4C1CB7469B009456CC /* Pitchslapp-Bridging-Header.h */ = {isa = PBXFileReference; lastKnownFileType = sourcecode.c.h; path = "Pitchslapp-Bridging-Header.h"; sourceTree = "<group>"; };
		DAE2502A1CAB0EA3003DFF24 /* SongTableViewCell.swift */ = {isa = PBXFileReference; fileEncoding = 4; lastKnownFileType = sourcecode.swift; path = SongTableViewCell.swift; sourceTree = "<group>"; };
		DAE2502C1CAB1348003DFF24 /* SongItem.swift */ = {isa = PBXFileReference; fileEncoding = 4; lastKnownFileType = sourcecode.swift; path = SongItem.swift; sourceTree = "<group>"; };
		DAF583481CD8FD7900CE7A6A /* SetlistSongTableViewCell.swift */ = {isa = PBXFileReference; fileEncoding = 4; lastKnownFileType = sourcecode.swift; path = SetlistSongTableViewCell.swift; sourceTree = "<group>"; };
		DAF5834A1CD93C6E00CE7A6A /* PitchesTableViewController.swift */ = {isa = PBXFileReference; fileEncoding = 4; lastKnownFileType = sourcecode.swift; path = PitchesTableViewController.swift; sourceTree = "<group>"; };
		DAF5834C1CD93F1500CE7A6A /* PitchTableViewCell.swift */ = {isa = PBXFileReference; fileEncoding = 4; lastKnownFileType = sourcecode.swift; name = PitchTableViewCell.swift; path = ../PitchTableViewCell.swift; sourceTree = "<group>"; };
		DAFDCADB1CADAD9E005DDB64 /* GroupPickerTableViewController.swift */ = {isa = PBXFileReference; fileEncoding = 4; lastKnownFileType = sourcecode.swift; path = GroupPickerTableViewController.swift; sourceTree = "<group>"; };
		DAFDCADF1CADBDEF005DDB64 /* Group.swift */ = {isa = PBXFileReference; fileEncoding = 4; lastKnownFileType = sourcecode.swift; path = Group.swift; sourceTree = "<group>"; };
		E2AE8B9490730DA983143C25 /* Pods_Pitchslapp.framework */ = {isa = PBXFileReference; explicitFileType = wrapper.framework; includeInIndex = 0; path = Pods_Pitchslapp.framework; sourceTree = BUILT_PRODUCTS_DIR; };
/* End PBXFileReference section */

/* Begin PBXFrameworksBuildPhase section */
		DA71902A1CA9847D00FEDE0D /* Frameworks */ = {
			isa = PBXFrameworksBuildPhase;
			buildActionMask = 2147483647;
			files = (
				B8E3D7672F119F415DF34EF4 /* Pods_Pitchslapp.framework in Frameworks */,
			);
			runOnlyForDeploymentPostprocessing = 0;
		};
		DA71903E1CA9847D00FEDE0D /* Frameworks */ = {
			isa = PBXFrameworksBuildPhase;
			buildActionMask = 2147483647;
			files = (
			);
			runOnlyForDeploymentPostprocessing = 0;
		};
		DA7190491CA9847D00FEDE0D /* Frameworks */ = {
			isa = PBXFrameworksBuildPhase;
			buildActionMask = 2147483647;
			files = (
			);
			runOnlyForDeploymentPostprocessing = 0;
		};
/* End PBXFrameworksBuildPhase section */

/* Begin PBXGroup section */
		589D9AED0CEB53F2A6D29316 /* Pods */ = {
			isa = PBXGroup;
			children = (
				CB963C85DFD57A2E6024C7BF /* Pods-Pitchslapp.debug.xcconfig */,
				CAB868BAA037B62652FE0F7E /* Pods-Pitchslapp.release.xcconfig */,
			);
			name = Pods;
			sourceTree = "<group>";
		};
		BA90421040DAD1C2E52D50A6 /* Frameworks */ = {
			isa = PBXGroup;
			children = (
				E2AE8B9490730DA983143C25 /* Pods_Pitchslapp.framework */,
			);
			name = Frameworks;
			sourceTree = "<group>";
		};
		DA4DC4191CB6B2C9008F062E /* SongViews */ = {
			isa = PBXGroup;
			children = (
				DA0083C71CAADB82004ACDCC /* SongsTableViewController.swift */,
				DADF0D4A1CB6F11B009456CC /* AddSongViewController.swift */,
				DA2F69011CAD8AD30028033E /* SongInfoViewController.swift */,
				DA4DC4151CB5E376008F062E /* PDFViewController.swift */,
				DA1F18AA1CC9DB16003CEE3C /* SetlistsTableViewController.swift */,
				DA1F18AE1CC9EDF9003CEE3C /* SetlistTableViewController.swift */,
				DA1F18B01CCA003E003CEE3C /* ChooseSongsTableViewController.swift */,
				DAF5834A1CD93C6E00CE7A6A /* PitchesTableViewController.swift */,
			);
			name = SongViews;
			sourceTree = "<group>";
		};
		DA60DA2E1CACEE4500E7F2B1 /* Models */ = {
			isa = PBXGroup;
			children = (
				DAF5834C1CD93F1500CE7A6A /* PitchTableViewCell.swift */,
				DAE2502C1CAB1348003DFF24 /* SongItem.swift */,
				DA60DA2C1CACE62600E7F2B1 /* User.swift */,
				DAE2502A1CAB0EA3003DFF24 /* SongTableViewCell.swift */,
				DAF583481CD8FD7900CE7A6A /* SetlistSongTableViewCell.swift */,
				DA1F18AC1CC9DCE1003CEE3C /* SetlistTableViewCell.swift */,
				DAFDCADF1CADBDEF005DDB64 /* Group.swift */,
				DA1F18A81CC9D6B7003CEE3C /* Setlist.swift */,
			);
			name = Models;
			sourceTree = "<group>";
		};
		DA7190241CA9847D00FEDE0D = {
			isa = PBXGroup;
			children = (
				DA71902F1CA9847D00FEDE0D /* Pitchslapp */,
				DA7190441CA9847D00FEDE0D /* PitchslappTests */,
				DA71904F1CA9847D00FEDE0D /* PitchslappUITests */,
				DA71902E1CA9847D00FEDE0D /* Products */,
				589D9AED0CEB53F2A6D29316 /* Pods */,
				BA90421040DAD1C2E52D50A6 /* Frameworks */,
			);
			sourceTree = "<group>";
		};
		DA71902E1CA9847D00FEDE0D /* Products */ = {
			isa = PBXGroup;
			children = (
				DA71902D1CA9847D00FEDE0D /* Pitchslapp.app */,
				DA7190411CA9847D00FEDE0D /* PitchslappTests.xctest */,
				DA71904C1CA9847D00FEDE0D /* PitchslappUITests.xctest */,
			);
			name = Products;
			sourceTree = "<group>";
		};
		DA71902F1CA9847D00FEDE0D /* Pitchslapp */ = {
			isa = PBXGroup;
			children = (
				DA60DA2E1CACEE4500E7F2B1 /* Models */,
				DAFDCADA1CADAD5C005DDB64 /* LoginFlow */,
				DA4DC4191CB6B2C9008F062E /* SongViews */,
				DA7190301CA9847D00FEDE0D /* AppDelegate.swift */,
				DA859BB21CAE119D00F5CD3C /* Pitches */,
				DA7190341CA9847D00FEDE0D /* Main.storyboard */,
				DA7190371CA9847D00FEDE0D /* Assets.xcassets */,
				DA7190391CA9847D00FEDE0D /* LaunchScreen.storyboard */,
				DADF0D4C1CB7469B009456CC /* Pitchslapp-Bridging-Header.h */,
				DA71903C1CA9847D00FEDE0D /* Info.plist */,
				DA4DC4171CB5E38F008F062E /* MakeYouFeel.pdf */,
			);
			path = Pitchslapp;
			sourceTree = "<group>";
		};
		DA7190441CA9847D00FEDE0D /* PitchslappTests */ = {
			isa = PBXGroup;
			children = (
				DA7190451CA9847D00FEDE0D /* PitchslappTests.swift */,
				DA7190471CA9847D00FEDE0D /* Info.plist */,
			);
			path = PitchslappTests;
			sourceTree = "<group>";
		};
		DA71904F1CA9847D00FEDE0D /* PitchslappUITests */ = {
			isa = PBXGroup;
			children = (
				DA7190501CA9847D00FEDE0D /* PitchslappUITests.swift */,
				DA7190521CA9847D00FEDE0D /* Info.plist */,
			);
			path = PitchslappUITests;
			sourceTree = "<group>";
		};
		DAFDCADA1CADAD5C005DDB64 /* LoginFlow */ = {
			isa = PBXGroup;
			children = (
				DA60DA2A1CACE05400E7F2B1 /* LoginViewController.swift */,
				DA60DA2F1CACEFBC00E7F2B1 /* SettingsViewController.swift */,
				DA53FC591CC0798A003AC1F7 /* PendingGroupViewController.swift */,
				DA2F68FD1CAD70440028033E /* SignupFormViewController.swift */,
				DAFDCADB1CADAD9E005DDB64 /* GroupPickerTableViewController.swift */,
				DA954D1F1CE4D4AD00D39194 /* GroupMembersTableViewController.swift */,
			);
			name = LoginFlow;
			sourceTree = "<group>";
		};
/* End PBXGroup section */

/* Begin PBXNativeTarget section */
		DA71902C1CA9847D00FEDE0D /* Pitchslapp */ = {
			isa = PBXNativeTarget;
			buildConfigurationList = DA7190551CA9847D00FEDE0D /* Build configuration list for PBXNativeTarget "Pitchslapp" */;
			buildPhases = (
				981457AAD802D0DCF2547E71 /* Check Pods Manifest.lock */,
				DA7190291CA9847D00FEDE0D /* Sources */,
				DA71902A1CA9847D00FEDE0D /* Frameworks */,
				DA71902B1CA9847D00FEDE0D /* Resources */,
				61D5FC65F604A6238DF1C389 /* Embed Pods Frameworks */,
				0DFFF174B447384F7E9617B1 /* Copy Pods Resources */,
			);
			buildRules = (
			);
			dependencies = (
			);
			name = Pitchslapp;
			productName = Pitchslapp;
			productReference = DA71902D1CA9847D00FEDE0D /* Pitchslapp.app */;
			productType = "com.apple.product-type.application";
		};
		DA7190401CA9847D00FEDE0D /* PitchslappTests */ = {
			isa = PBXNativeTarget;
			buildConfigurationList = DA7190581CA9847D00FEDE0D /* Build configuration list for PBXNativeTarget "PitchslappTests" */;
			buildPhases = (
				DA71903D1CA9847D00FEDE0D /* Sources */,
				DA71903E1CA9847D00FEDE0D /* Frameworks */,
				DA71903F1CA9847D00FEDE0D /* Resources */,
			);
			buildRules = (
			);
			dependencies = (
				DA7190431CA9847D00FEDE0D /* PBXTargetDependency */,
			);
			name = PitchslappTests;
			productName = PitchslappTests;
			productReference = DA7190411CA9847D00FEDE0D /* PitchslappTests.xctest */;
			productType = "com.apple.product-type.bundle.unit-test";
		};
		DA71904B1CA9847D00FEDE0D /* PitchslappUITests */ = {
			isa = PBXNativeTarget;
			buildConfigurationList = DA71905B1CA9847D00FEDE0D /* Build configuration list for PBXNativeTarget "PitchslappUITests" */;
			buildPhases = (
				DA7190481CA9847D00FEDE0D /* Sources */,
				DA7190491CA9847D00FEDE0D /* Frameworks */,
				DA71904A1CA9847D00FEDE0D /* Resources */,
			);
			buildRules = (
			);
			dependencies = (
				DA71904E1CA9847D00FEDE0D /* PBXTargetDependency */,
			);
			name = PitchslappUITests;
			productName = PitchslappUITests;
			productReference = DA71904C1CA9847D00FEDE0D /* PitchslappUITests.xctest */;
			productType = "com.apple.product-type.bundle.ui-testing";
		};
/* End PBXNativeTarget section */

/* Begin PBXProject section */
		DA7190251CA9847D00FEDE0D /* Project object */ = {
			isa = PBXProject;
			attributes = {
				LastSwiftUpdateCheck = 0730;
				LastUpgradeCheck = 0720;
				ORGANIZATIONNAME = "Social Coderz";
				TargetAttributes = {
					DA71902C1CA9847D00FEDE0D = {
						CreatedOnToolsVersion = 7.2.1;
						DevelopmentTeam = 8685DL3W42;
					};
					DA7190401CA9847D00FEDE0D = {
						CreatedOnToolsVersion = 7.2.1;
						TestTargetID = DA71902C1CA9847D00FEDE0D;
					};
					DA71904B1CA9847D00FEDE0D = {
						CreatedOnToolsVersion = 7.2.1;
						TestTargetID = DA71902C1CA9847D00FEDE0D;
					};
				};
			};
			buildConfigurationList = DA7190281CA9847D00FEDE0D /* Build configuration list for PBXProject "Pitchslapp" */;
			compatibilityVersion = "Xcode 3.2";
			developmentRegion = English;
			hasScannedForEncodings = 0;
			knownRegions = (
				en,
				Base,
			);
			mainGroup = DA7190241CA9847D00FEDE0D;
			productRefGroup = DA71902E1CA9847D00FEDE0D /* Products */;
			projectDirPath = "";
			projectRoot = "";
			targets = (
				DA71902C1CA9847D00FEDE0D /* Pitchslapp */,
				DA7190401CA9847D00FEDE0D /* PitchslappTests */,
				DA71904B1CA9847D00FEDE0D /* PitchslappUITests */,
			);
		};
/* End PBXProject section */

/* Begin PBXResourcesBuildPhase section */
		DA71902B1CA9847D00FEDE0D /* Resources */ = {
			isa = PBXResourcesBuildPhase;
			buildActionMask = 2147483647;
			files = (
				DA71903B1CA9847D00FEDE0D /* LaunchScreen.storyboard in Resources */,
				DA4DC4181CB5E38F008F062E /* MakeYouFeel.pdf in Resources */,
				DA7190381CA9847D00FEDE0D /* Assets.xcassets in Resources */,
				DA7190361CA9847D00FEDE0D /* Main.storyboard in Resources */,
				DA859BB31CAE119D00F5CD3C /* Pitches in Resources */,
			);
			runOnlyForDeploymentPostprocessing = 0;
		};
		DA71903F1CA9847D00FEDE0D /* Resources */ = {
			isa = PBXResourcesBuildPhase;
			buildActionMask = 2147483647;
			files = (
			);
			runOnlyForDeploymentPostprocessing = 0;
		};
		DA71904A1CA9847D00FEDE0D /* Resources */ = {
			isa = PBXResourcesBuildPhase;
			buildActionMask = 2147483647;
			files = (
			);
			runOnlyForDeploymentPostprocessing = 0;
		};
/* End PBXResourcesBuildPhase section */

/* Begin PBXShellScriptBuildPhase section */
		0DFFF174B447384F7E9617B1 /* Copy Pods Resources */ = {
			isa = PBXShellScriptBuildPhase;
			buildActionMask = 2147483647;
			files = (
			);
			inputPaths = (
			);
			name = "Copy Pods Resources";
			outputPaths = (
			);
			runOnlyForDeploymentPostprocessing = 0;
			shellPath = /bin/sh;
			shellScript = "\"${SRCROOT}/Pods/Target Support Files/Pods-Pitchslapp/Pods-Pitchslapp-resources.sh\"\n";
			showEnvVarsInLog = 0;
		};
		61D5FC65F604A6238DF1C389 /* Embed Pods Frameworks */ = {
			isa = PBXShellScriptBuildPhase;
			buildActionMask = 2147483647;
			files = (
			);
			inputPaths = (
			);
			name = "Embed Pods Frameworks";
			outputPaths = (
			);
			runOnlyForDeploymentPostprocessing = 0;
			shellPath = /bin/sh;
			shellScript = "\"${SRCROOT}/Pods/Target Support Files/Pods-Pitchslapp/Pods-Pitchslapp-frameworks.sh\"\n";
			showEnvVarsInLog = 0;
		};
		981457AAD802D0DCF2547E71 /* Check Pods Manifest.lock */ = {
			isa = PBXShellScriptBuildPhase;
			buildActionMask = 2147483647;
			files = (
			);
			inputPaths = (
			);
			name = "Check Pods Manifest.lock";
			outputPaths = (
			);
			runOnlyForDeploymentPostprocessing = 0;
			shellPath = /bin/sh;
			shellScript = "diff \"${PODS_ROOT}/../Podfile.lock\" \"${PODS_ROOT}/Manifest.lock\" > /dev/null\nif [[ $? != 0 ]] ; then\n    cat << EOM\nerror: The sandbox is not in sync with the Podfile.lock. Run 'pod install' or update your CocoaPods installation.\nEOM\n    exit 1\nfi\n";
			showEnvVarsInLog = 0;
		};
/* End PBXShellScriptBuildPhase section */

/* Begin PBXSourcesBuildPhase section */
		DA7190291CA9847D00FEDE0D /* Sources */ = {
			isa = PBXSourcesBuildPhase;
			buildActionMask = 2147483647;
			files = (
				DAFDCAE01CADBDEF005DDB64 /* Group.swift in Sources */,
				DAE2502B1CAB0EA3003DFF24 /* SongTableViewCell.swift in Sources */,
				DA2F69021CAD8AD30028033E /* SongInfoViewController.swift in Sources */,
				DA954D201CE4D4AD00D39194 /* GroupMembersTableViewController.swift in Sources */,
				DAF583491CD8FD7900CE7A6A /* SetlistSongTableViewCell.swift in Sources */,
				DAF5834D1CD93F1500CE7A6A /* PitchTableViewCell.swift in Sources */,
				DADF0D4B1CB6F11B009456CC /* AddSongViewController.swift in Sources */,
				DA1F18AD1CC9DCE1003CEE3C /* SetlistTableViewCell.swift in Sources */,
				DA4DC4161CB5E376008F062E /* PDFViewController.swift in Sources */,
				DA0083C81CAADB82004ACDCC /* SongsTableViewController.swift in Sources */,
				DA2F68FE1CAD70440028033E /* SignupFormViewController.swift in Sources */,
				DA60DA301CACEFBC00E7F2B1 /* SettingsViewController.swift in Sources */,
				DA1F18A91CC9D6B7003CEE3C /* Setlist.swift in Sources */,
				DA53FC5A1CC0798A003AC1F7 /* PendingGroupViewController.swift in Sources */,
				DA1F18AB1CC9DB16003CEE3C /* SetlistsTableViewController.swift in Sources */,
				DAFDCADC1CADAD9E005DDB64 /* GroupPickerTableViewController.swift in Sources */,
				DA60DA2D1CACE62600E7F2B1 /* User.swift in Sources */,
				DA7190311CA9847D00FEDE0D /* AppDelegate.swift in Sources */,
				DA1F18B11CCA003E003CEE3C /* ChooseSongsTableViewController.swift in Sources */,
				DA60DA2B1CACE05400E7F2B1 /* LoginViewController.swift in Sources */,
				DAF5834B1CD93C6E00CE7A6A /* PitchesTableViewController.swift in Sources */,
				DA1F18AF1CC9EDF9003CEE3C /* SetlistTableViewController.swift in Sources */,
				DAE2502D1CAB1348003DFF24 /* SongItem.swift in Sources */,
			);
			runOnlyForDeploymentPostprocessing = 0;
		};
		DA71903D1CA9847D00FEDE0D /* Sources */ = {
			isa = PBXSourcesBuildPhase;
			buildActionMask = 2147483647;
			files = (
				DA7190461CA9847D00FEDE0D /* PitchslappTests.swift in Sources */,
			);
			runOnlyForDeploymentPostprocessing = 0;
		};
		DA7190481CA9847D00FEDE0D /* Sources */ = {
			isa = PBXSourcesBuildPhase;
			buildActionMask = 2147483647;
			files = (
				DA7190511CA9847D00FEDE0D /* PitchslappUITests.swift in Sources */,
			);
			runOnlyForDeploymentPostprocessing = 0;
		};
/* End PBXSourcesBuildPhase section */

/* Begin PBXTargetDependency section */
		DA7190431CA9847D00FEDE0D /* PBXTargetDependency */ = {
			isa = PBXTargetDependency;
			target = DA71902C1CA9847D00FEDE0D /* Pitchslapp */;
			targetProxy = DA7190421CA9847D00FEDE0D /* PBXContainerItemProxy */;
		};
		DA71904E1CA9847D00FEDE0D /* PBXTargetDependency */ = {
			isa = PBXTargetDependency;
			target = DA71902C1CA9847D00FEDE0D /* Pitchslapp */;
			targetProxy = DA71904D1CA9847D00FEDE0D /* PBXContainerItemProxy */;
		};
/* End PBXTargetDependency section */

/* Begin PBXVariantGroup section */
		DA7190341CA9847D00FEDE0D /* Main.storyboard */ = {
			isa = PBXVariantGroup;
			children = (
				DA7190351CA9847D00FEDE0D /* Base */,
			);
			name = Main.storyboard;
			sourceTree = "<group>";
		};
		DA7190391CA9847D00FEDE0D /* LaunchScreen.storyboard */ = {
			isa = PBXVariantGroup;
			children = (
				DA71903A1CA9847D00FEDE0D /* Base */,
			);
			name = LaunchScreen.storyboard;
			sourceTree = "<group>";
		};
/* End PBXVariantGroup section */

/* Begin XCBuildConfiguration section */
		DA7190531CA9847D00FEDE0D /* Debug */ = {
			isa = XCBuildConfiguration;
			buildSettings = {
				ALWAYS_SEARCH_USER_PATHS = NO;
				CLANG_CXX_LANGUAGE_STANDARD = "gnu++0x";
				CLANG_CXX_LIBRARY = "libc++";
				CLANG_ENABLE_MODULES = YES;
				CLANG_ENABLE_OBJC_ARC = YES;
				CLANG_WARN_BOOL_CONVERSION = YES;
				CLANG_WARN_CONSTANT_CONVERSION = YES;
				CLANG_WARN_DIRECT_OBJC_ISA_USAGE = YES_ERROR;
				CLANG_WARN_EMPTY_BODY = YES;
				CLANG_WARN_ENUM_CONVERSION = YES;
				CLANG_WARN_INT_CONVERSION = YES;
				CLANG_WARN_OBJC_ROOT_CLASS = YES_ERROR;
				CLANG_WARN_UNREACHABLE_CODE = YES;
				CLANG_WARN__DUPLICATE_METHOD_MATCH = YES;
				"CODE_SIGN_IDENTITY[sdk=iphoneos*]" = "iPhone Developer";
				COPY_PHASE_STRIP = NO;
				DEBUG_INFORMATION_FORMAT = dwarf;
				ENABLE_STRICT_OBJC_MSGSEND = YES;
				ENABLE_TESTABILITY = YES;
				GCC_C_LANGUAGE_STANDARD = gnu99;
				GCC_DYNAMIC_NO_PIC = NO;
				GCC_NO_COMMON_BLOCKS = YES;
				GCC_OPTIMIZATION_LEVEL = 0;
				GCC_PREPROCESSOR_DEFINITIONS = (
					"DEBUG=1",
					"$(inherited)",
				);
				GCC_WARN_64_TO_32_BIT_CONVERSION = YES;
				GCC_WARN_ABOUT_RETURN_TYPE = YES_ERROR;
				GCC_WARN_UNDECLARED_SELECTOR = YES;
				GCC_WARN_UNINITIALIZED_AUTOS = YES_AGGRESSIVE;
				GCC_WARN_UNUSED_FUNCTION = YES;
				GCC_WARN_UNUSED_VARIABLE = YES;
				IPHONEOS_DEPLOYMENT_TARGET = 9.2;
				MTL_ENABLE_DEBUG_INFO = YES;
				ONLY_ACTIVE_ARCH = YES;
				SDKROOT = iphoneos;
				SWIFT_OPTIMIZATION_LEVEL = "-Onone";
				TARGETED_DEVICE_FAMILY = "1,2";
			};
			name = Debug;
		};
		DA7190541CA9847D00FEDE0D /* Release */ = {
			isa = XCBuildConfiguration;
			buildSettings = {
				ALWAYS_SEARCH_USER_PATHS = NO;
				CLANG_CXX_LANGUAGE_STANDARD = "gnu++0x";
				CLANG_CXX_LIBRARY = "libc++";
				CLANG_ENABLE_MODULES = YES;
				CLANG_ENABLE_OBJC_ARC = YES;
				CLANG_WARN_BOOL_CONVERSION = YES;
				CLANG_WARN_CONSTANT_CONVERSION = YES;
				CLANG_WARN_DIRECT_OBJC_ISA_USAGE = YES_ERROR;
				CLANG_WARN_EMPTY_BODY = YES;
				CLANG_WARN_ENUM_CONVERSION = YES;
				CLANG_WARN_INT_CONVERSION = YES;
				CLANG_WARN_OBJC_ROOT_CLASS = YES_ERROR;
				CLANG_WARN_UNREACHABLE_CODE = YES;
				CLANG_WARN__DUPLICATE_METHOD_MATCH = YES;
				"CODE_SIGN_IDENTITY[sdk=iphoneos*]" = "iPhone Developer";
				COPY_PHASE_STRIP = NO;
				DEBUG_INFORMATION_FORMAT = "dwarf-with-dsym";
				ENABLE_NS_ASSERTIONS = NO;
				ENABLE_STRICT_OBJC_MSGSEND = YES;
				GCC_C_LANGUAGE_STANDARD = gnu99;
				GCC_NO_COMMON_BLOCKS = YES;
				GCC_WARN_64_TO_32_BIT_CONVERSION = YES;
				GCC_WARN_ABOUT_RETURN_TYPE = YES_ERROR;
				GCC_WARN_UNDECLARED_SELECTOR = YES;
				GCC_WARN_UNINITIALIZED_AUTOS = YES_AGGRESSIVE;
				GCC_WARN_UNUSED_FUNCTION = YES;
				GCC_WARN_UNUSED_VARIABLE = YES;
				IPHONEOS_DEPLOYMENT_TARGET = 9.2;
				MTL_ENABLE_DEBUG_INFO = NO;
				SDKROOT = iphoneos;
				TARGETED_DEVICE_FAMILY = "1,2";
				VALIDATE_PRODUCT = YES;
			};
			name = Release;
		};
		DA7190561CA9847D00FEDE0D /* Debug */ = {
			isa = XCBuildConfiguration;
			baseConfigurationReference = CB963C85DFD57A2E6024C7BF /* Pods-Pitchslapp.debug.xcconfig */;
			buildSettings = {
				ASSETCATALOG_COMPILER_APPICON_NAME = AppIcon;
				CLANG_ENABLE_MODULES = YES;
				CODE_SIGN_IDENTITY = "iPhone Developer";
				"CODE_SIGN_IDENTITY[sdk=iphoneos*]" = "iPhone Developer";
				FRAMEWORK_SEARCH_PATHS = (
					"$(inherited)",
					"$(PROJECT_DIR)/**",
				);
				INFOPLIST_FILE = Pitchslapp/Info.plist;
				LD_RUNPATH_SEARCH_PATHS = "$(inherited) @executable_path/Frameworks";
				PRODUCT_BUNDLE_IDENTIFIER = com.socialcoderz.Pitchslapp;
				PRODUCT_NAME = "$(TARGET_NAME)";
				PROVISIONING_PROFILE = "";
				SWIFT_OBJC_BRIDGING_HEADER = "Pitchslapp/Pitchslapp-Bridging-Header.h";
				SWIFT_OPTIMIZATION_LEVEL = "-Onone";
			};
			name = Debug;
		};
		DA7190571CA9847D00FEDE0D /* Release */ = {
			isa = XCBuildConfiguration;
			baseConfigurationReference = CAB868BAA037B62652FE0F7E /* Pods-Pitchslapp.release.xcconfig */;
			buildSettings = {
				ASSETCATALOG_COMPILER_APPICON_NAME = AppIcon;
				CLANG_ENABLE_MODULES = YES;
				CODE_SIGN_IDENTITY = "iPhone Developer";
				"CODE_SIGN_IDENTITY[sdk=iphoneos*]" = "iPhone Developer";
				FRAMEWORK_SEARCH_PATHS = (
					"$(inherited)",
					"$(PROJECT_DIR)/**",
				);
				INFOPLIST_FILE = Pitchslapp/Info.plist;
				LD_RUNPATH_SEARCH_PATHS = "$(inherited) @executable_path/Frameworks";
				PRODUCT_BUNDLE_IDENTIFIER = com.socialcoderz.Pitchslapp;
				PRODUCT_NAME = "$(TARGET_NAME)";
				PROVISIONING_PROFILE = "";
				SWIFT_OBJC_BRIDGING_HEADER = "Pitchslapp/Pitchslapp-Bridging-Header.h";
			};
			name = Release;
		};
		DA7190591CA9847D00FEDE0D /* Debug */ = {
			isa = XCBuildConfiguration;
			buildSettings = {
				BUNDLE_LOADER = "$(TEST_HOST)";
				INFOPLIST_FILE = PitchslappTests/Info.plist;
				LD_RUNPATH_SEARCH_PATHS = "$(inherited) @executable_path/Frameworks @loader_path/Frameworks";
				PRODUCT_BUNDLE_IDENTIFIER = com.socialcoderz.PitchslappTests;
				PRODUCT_NAME = "$(TARGET_NAME)";
				TEST_HOST = "$(BUILT_PRODUCTS_DIR)/Pitchslapp.app/Pitchslapp";
			};
			name = Debug;
		};
		DA71905A1CA9847D00FEDE0D /* Release */ = {
			isa = XCBuildConfiguration;
			buildSettings = {
				BUNDLE_LOADER = "$(TEST_HOST)";
				INFOPLIST_FILE = PitchslappTests/Info.plist;
				LD_RUNPATH_SEARCH_PATHS = "$(inherited) @executable_path/Frameworks @loader_path/Frameworks";
				PRODUCT_BUNDLE_IDENTIFIER = com.socialcoderz.PitchslappTests;
				PRODUCT_NAME = "$(TARGET_NAME)";
				TEST_HOST = "$(BUILT_PRODUCTS_DIR)/Pitchslapp.app/Pitchslapp";
			};
			name = Release;
		};
		DA71905C1CA9847D00FEDE0D /* Debug */ = {
			isa = XCBuildConfiguration;
			buildSettings = {
				INFOPLIST_FILE = PitchslappUITests/Info.plist;
				LD_RUNPATH_SEARCH_PATHS = "$(inherited) @executable_path/Frameworks @loader_path/Frameworks";
				PRODUCT_BUNDLE_IDENTIFIER = com.socialcoderz.PitchslappUITests;
				PRODUCT_NAME = "$(TARGET_NAME)";
				TEST_TARGET_NAME = Pitchslapp;
				USES_XCTRUNNER = YES;
			};
			name = Debug;
		};
		DA71905D1CA9847D00FEDE0D /* Release */ = {
			isa = XCBuildConfiguration;
			buildSettings = {
				INFOPLIST_FILE = PitchslappUITests/Info.plist;
				LD_RUNPATH_SEARCH_PATHS = "$(inherited) @executable_path/Frameworks @loader_path/Frameworks";
				PRODUCT_BUNDLE_IDENTIFIER = com.socialcoderz.PitchslappUITests;
				PRODUCT_NAME = "$(TARGET_NAME)";
				TEST_TARGET_NAME = Pitchslapp;
				USES_XCTRUNNER = YES;
			};
			name = Release;
		};
/* End XCBuildConfiguration section */

/* Begin XCConfigurationList section */
		DA7190281CA9847D00FEDE0D /* Build configuration list for PBXProject "Pitchslapp" */ = {
			isa = XCConfigurationList;
			buildConfigurations = (
				DA7190531CA9847D00FEDE0D /* Debug */,
				DA7190541CA9847D00FEDE0D /* Release */,
			);
			defaultConfigurationIsVisible = 0;
			defaultConfigurationName = Release;
		};
		DA7190551CA9847D00FEDE0D /* Build configuration list for PBXNativeTarget "Pitchslapp" */ = {
			isa = XCConfigurationList;
			buildConfigurations = (
				DA7190561CA9847D00FEDE0D /* Debug */,
				DA7190571CA9847D00FEDE0D /* Release */,
			);
			defaultConfigurationIsVisible = 0;
			defaultConfigurationName = Release;
		};
		DA7190581CA9847D00FEDE0D /* Build configuration list for PBXNativeTarget "PitchslappTests" */ = {
			isa = XCConfigurationList;
			buildConfigurations = (
				DA7190591CA9847D00FEDE0D /* Debug */,
				DA71905A1CA9847D00FEDE0D /* Release */,
			);
			defaultConfigurationIsVisible = 0;
			defaultConfigurationName = Release;
		};
		DA71905B1CA9847D00FEDE0D /* Build configuration list for PBXNativeTarget "PitchslappUITests" */ = {
			isa = XCConfigurationList;
			buildConfigurations = (
				DA71905C1CA9847D00FEDE0D /* Debug */,
				DA71905D1CA9847D00FEDE0D /* Release */,
			);
			defaultConfigurationIsVisible = 0;
			defaultConfigurationName = Release;
		};
/* End XCConfigurationList section */
	};
	rootObject = DA7190251CA9847D00FEDE0D /* Project object */;
}
